
Microsoft Visual Studio Solution File, Format Version 12.00
# Visual Studio Version 17
VisualStudioVersion = 17.7.34003.232
MinimumVisualStudioVersion = 10.0.40219.1
Project("{FAE04EC0-301F-11D3-BF4B-00C04F79EFBC}") = "HangfireWatermarker", "HangfireWatermarker.csproj", "{416CD493-2859-4DD7-B6BB-DE7E0082DA6E}"
EndProject
Global
	GlobalSection(SolutionConfigurationPlatforms) = preSolution
		Debug|Any CPU = Debug|Any CPU
		Release|Any CPU = Release|Any CPU
	EndGlobalSection
	GlobalSection(ProjectConfigurationPlatforms) = postSolution
		{416CD493-2859-4DD7-B6BB-DE7E0082DA6E}.Debug|Any CPU.ActiveCfg = Debug|Any CPU
		{416CD493-2859-4DD7-B6BB-DE7E0082DA6E}.Debug|Any CPU.Build.0 = Debug|Any CPU
		{416CD493-2859-4DD7-B6BB-DE7E0082DA6E}.Release|Any CPU.ActiveCfg = Release|Any CPU
		{416CD493-2859-4DD7-B6BB-DE7E0082DA6E}.Release|Any CPU.Build.0 = Release|Any CPU
	EndGlobalSection
	GlobalSection(SolutionProperties) = preSolution
		HideSolutionNode = FALSE
	EndGlobalSection
	GlobalSection(ExtensibilityGlobals) = postSolution
		SolutionGuid = {37BE11CD-1D2B-4EF3-B137-990FAA2588E7}
	EndGlobalSection
EndGlobal
